
Microsoft Visual Studio Solution File, Format Version 12.00
# Visual Studio 2013
VisualStudioVersion = 12.0.21005.1
MinimumVisualStudioVersion = 10.0.40219.1
Project("{E24C65DC-7377-472B-9ABA-BC803B73C61A}") = "KDOA_ionic", "http://localhost:17120", "{315072A1-DB6E-4DD7-A08C-915225C1A5FD}"
	ProjectSection(WebsiteProperties) = preProject
		UseIISExpress = "true"
		TargetFrameworkMoniker = ".NETFramework,Version%3Dv4.0"
		Debug.AspNetCompiler.VirtualPath = "/localhost_17120"
		Debug.AspNetCompiler.PhysicalPath = "..\KDOA_ionic\"
		Debug.AspNetCompiler.TargetPath = "PrecompiledWeb\localhost_17120\"
		Debug.AspNetCompiler.Updateable = "true"
		Debug.AspNetCompiler.ForceOverwrite = "true"
		Debug.AspNetCompiler.FixedNames = "false"
		Debug.AspNetCompiler.Debug = "True"
		Release.AspNetCompiler.VirtualPath = "/localhost_17120"
		Release.AspNetCompiler.PhysicalPath = "..\KDOA_ionic\"
		Release.AspNetCompiler.TargetPath = "PrecompiledWeb\localhost_17120\"
		Release.AspNetCompiler.Updateable = "true"
		Release.AspNetCompiler.ForceOverwrite = "true"
		Release.AspNetCompiler.FixedNames = "false"
		Release.AspNetCompiler.Debug = "False"
		SlnRelativePath = "..\KDOA_ionic\"
	EndProjectSection
EndProject
Global
	GlobalSection(SolutionConfigurationPlatforms) = preSolution
		Debug|Any CPU = Debug|Any CPU
	EndGlobalSection
	GlobalSection(ProjectConfigurationPlatforms) = postSolution
		{315072A1-DB6E-4DD7-A08C-915225C1A5FD}.Debug|Any CPU.ActiveCfg = Debug|Any CPU
		{315072A1-DB6E-4DD7-A08C-915225C1A5FD}.Debug|Any CPU.Build.0 = Debug|Any CPU
	EndGlobalSection
	GlobalSection(SolutionProperties) = preSolution
		HideSolutionNode = FALSE
	EndGlobalSection
EndGlobal
